Microsoft Visual Studio Solution File, Format Version 12.00
# Visual Studio Version 16
VisualStudioVersion = 16.0.31205.134
MinimumVisualStudioVersion = 10.0.40219.1
Project("{FAE04EC0-301F-11D3-BF4B-00C04F79EFBC}") = "Launcher", "Launcher.csproj", "{A7496DEF-8AD0-4374-8CC0-471282AB6F85}"
EndProject
Global
	GlobalSection(SolutionConfigurationPlatforms) = preSolution
		Debug|Any CPU = Debug|Any CPU
		Release|Any CPU = Release|Any CPU
	EndGlobalSection
	GlobalSection(ProjectConfigurationPlatforms) = postSolution
		{A7496DEF-8AD0-4374-8CC0-471282AB6F85}.Debug|Any CPU.ActiveCfg = Debug|Any CPU
		{A7496DEF-8AD0-4374-8CC0-471282AB6F85}.Debug|Any CPU.Build.0 = Debug|Any CPU
		{A7496DEF-8AD0-4374-8CC0-471282AB6F85}.Release|Any CPU.ActiveCfg = Release|Any CPU
		{A7496DEF-8AD0-4374-8CC0-471282AB6F85}.Release|Any CPU.Build.0 = Release|Any CPU
	EndGlobalSection
	GlobalSection(SolutionProperties) = preSolution
		HideSolutionNode = FALSE
	EndGlobalSection
	GlobalSection(ExtensibilityGlobals) = postSolution
		SolutionGuid = {1012CA5B-A0AD-407B-BDA7-DBC1962386C3}
	EndGlobalSection
EndGlobal
